<?xml version="1.0" encoding="utf-8"?>
<Project ToolsVersion="4.0" xmlns="http://schemas.microsoft.com/developer/msbuild/2003">
  <ItemGroup>
    <Filter Include="Source Files">
      <UniqueIdentifier>{4FC737F1-C7A5-4376-A066-2A32D752A2FF}</UniqueIdentifier>
      <Extensions>cpp;c;cc;cxx;c++;cppm;ixx;def;odl;idl;hpj;bat;asm;asmx</Extensions>
    </Filter>
    <Filter Include="Header Files">
      <UniqueIdentifier>{93995380-89BD-4b04-88EB-625FBE52EBFB}</UniqueIdentifier>
      <Extensions>h;hh;hpp;hxx;h++;hm;inl;inc;ipp;xsd</Extensions>
    </Filter>
    <Filter Include="Resource Files">
      <UniqueIdentifier>{67DA6AB6-F800-4c08-8B7A-83BB121AAD01}</UniqueIdentifier>
      <Extensions>rc;ico;cur;bmp;dlg;rc2;rct;bin;rgs;gif;jpg;jpeg;jpe;resx;tiff;tif;png;wav;mfcribbon-ms</Extensions>
    </Filter>
    <Filter Include="IDL">
      <UniqueIdentifier>{15e3e4c2-5b05-4b47-86ba-89acd8a7525d}</UniqueIdentifier>
    </Filter>
    <Filter Include="Generated">
      <UniqueIdentifier>{f6153b5b-cffa-4c31-b203-8edabd98c5a5}</UniqueIdentifier>
      <SourceControlFiles>False</SourceControlFiles>
    </Filter>
  </ItemGroup>
  <ItemGroup>
    <ClCompile Include="..\TestORB\TestORB\module\I1_factory_dynamic.cpp">
      <Filter>Source Files</Filter>
    </ClCompile>
    <ClCompile Include="..\TestORB\TestORB\module\I1_factory_portable.cpp">
      <Filter>Source Files</Filter>
    </ClCompile>
    <ClCompile Include="..\TestORB\TestORB\module\I1_factory_sysdomain.cpp">
      <Filter>Source Files</Filter>
    </ClCompile>
    <ClCompile Include="..\TestORB\TestORB\module\I1_factory_tied.cpp">
      <Filter>Source Files</Filter>
    </ClCompile>
    <ClCompile Include="..\TestORB\TestORB\module\I1_static.cpp">
      <Filter>Source Files</Filter>
    </ClCompile>
    <ClCompile Include="..\TestORB\TestORB\module\I2_factory_dynamic.cpp">
      <Filter>Source Files</Filter>
    </ClCompile>
    <ClCompile Include="..\TestORB\TestORB\module\I2_factory_sysdomain.cpp">
      <Filter>Source Files</Filter>
    </ClCompile>
    <ClCompile Include="..\TestORB\TestORB\module\I3_factory_dynamic.cpp">
      <Filter>Source Files</Filter>
    </ClCompile>
    <ClCompile Include="..\TestORB\TestORB\module\I3_factory_portable.cpp">
      <Filter>Source Files</Filter>
    </ClCompile>
    <ClCompile Include="..\TestORB\TestORB\module\I3_factory_tied.cpp">
      <Filter>Source Files</Filter>
    </ClCompile>
    <ClCompile Include="..\TestORB\TestORB\module\I3_static.cpp">
      <Filter>Source Files</Filter>
    </ClCompile>
    <ClCompile Include="..\TestORB\TestORB\module\ImplI1.cpp">
      <Filter>Source Files</Filter>
    </ClCompile>
    <ClCompile Include="..\TestORB\TestORB\module\ImplI2.cpp">
      <Filter>Source Files</Filter>
    </ClCompile>
    <ClCompile Include="..\TestORB\TestORB\module\ImplV1.cpp">
      <Filter>Source Files</Filter>
    </ClCompile>
    <ClCompile Include="..\TestORB\TestORB\module\ImplV2.cpp">
      <Filter>Source Files</Filter>
    </ClCompile>
    <ClCompile Include="..\TestORB\TestORB\module\ImplV3.cpp">
      <Filter>Source Files</Filter>
    </ClCompile>
    <ClCompile Include="..\TestORB\TestORB\module\PingPongImpl.cpp">
      <Filter>Source Files</Filter>
    </ClCompile>
    <ClCompile Include="..\TestORB\TestORB\module\ImplAVT.cpp">
      <Filter>Source Files</Filter>
    </ClCompile>
    <ClCompile Include="..\TestORB\TestORB\module\I1_factory_stateless.cpp">
      <Filter>Source Files</Filter>
    </ClCompile>
    <ClCompile Include="..\TestORB\TestORB\module\comp_factory.cpp">
      <Filter>Source Files</Filter>
    </ClCompile>
    <ClCompile Include="..\TestORB\TestORB\module\pch.cpp">
      <Filter>Source Files</Filter>
    </ClCompile>
    <ClCompile Include="..\TestORB\TestORB\module\IDL\PingPong.cpp">
      <Filter>Generated</Filter>
    </ClCompile>
    <ClCompile Include="..\TestORB\TestORB\module\IDL\PingPong_p.cpp">
      <Filter>Generated</Filter>
    </ClCompile>
    <ClCompile Include="..\TestORB\TestORB\module\IDL\RecursiveStruct.cpp">
      <Filter>Generated</Filter>
    </ClCompile>
    <ClCompile Include="..\TestORB\TestORB\module\IDL\RecursiveStruct_p.cpp">
      <Filter>Generated</Filter>
    </ClCompile>
    <ClCompile Include="..\TestORB\TestORB\module\IDL\Test_A1.cpp">
      <Filter>Generated</Filter>
    </ClCompile>
    <ClCompile Include="..\TestORB\TestORB\module\IDL\Test_A1_p.cpp">
      <Filter>Generated</Filter>
    </ClCompile>
    <ClCompile Include="..\TestORB\TestORB\module\IDL\Test_AVT.cpp">
      <Filter>Generated</Filter>
    </ClCompile>
    <ClCompile Include="..\TestORB\TestORB\module\IDL\Test_AVT_p.cpp">
      <Filter>Generated</Filter>
    </ClCompile>
    <ClCompile Include="..\TestORB\TestORB\module\IDL\Test_Comp.cpp">
      <Filter>Generated</Filter>
    </ClCompile>
    <ClCompile Include="..\TestORB\TestORB\module\IDL\Test_Comp_p.cpp">
      <Filter>Generated</Filter>
    </ClCompile>
    <ClCompile Include="..\TestORB\TestORB\module\IDL\Test_I1.cpp">
      <Filter>Generated</Filter>
    </ClCompile>
    <ClCompile Include="..\TestORB\TestORB\module\IDL\Test_I1_factory.cpp">
      <Filter>Generated</Filter>
    </ClCompile>
    <ClCompile Include="..\TestORB\TestORB\module\IDL\Test_I1_factory_p.cpp">
      <Filter>Generated</Filter>
    </ClCompile>
    <ClCompile Include="..\TestORB\TestORB\module\IDL\Test_I1_p.cpp">
      <Filter>Generated</Filter>
    </ClCompile>
    <ClCompile Include="..\TestORB\TestORB\module\IDL\Test_I2.cpp">
      <Filter>Generated</Filter>
    </ClCompile>
    <ClCompile Include="..\TestORB\TestORB\module\IDL\Test_I2_p.cpp">
      <Filter>Generated</Filter>
    </ClCompile>
    <ClCompile Include="..\TestORB\TestORB\module\IDL\Test_I3.cpp">
      <Filter>Generated</Filter>
    </ClCompile>
    <ClCompile Include="..\TestORB\TestORB\module\IDL\Test_I3_factory.cpp">
      <Filter>Generated</Filter>
    </ClCompile>
    <ClCompile Include="..\TestORB\TestORB\module\IDL\Test_I3_factory_p.cpp">
      <Filter>Generated</Filter>
    </ClCompile>
    <ClCompile Include="..\TestORB\TestORB\module\IDL\Test_I3_p.cpp">
      <Filter>Generated</Filter>
    </ClCompile>
    <ClCompile Include="..\TestORB\TestORB\module\IDL\Test_V1.cpp">
      <Filter>Generated</Filter>
    </ClCompile>
    <ClCompile Include="..\TestORB\TestORB\module\IDL\Test_V1_p.cpp">
      <Filter>Generated</Filter>
    </ClCompile>
    <ClCompile Include="..\TestORB\TestORB\module\IDL\Test_V2.cpp">
      <Filter>Generated</Filter>
    </ClCompile>
    <ClCompile Include="..\TestORB\TestORB\module\IDL\Test_V2_p.cpp">
      <Filter>Generated</Filter>
    </ClCompile>
    <ClCompile Include="..\TestORB\TestORB\module\IDL\Test_V3.cpp">
      <Filter>Generated</Filter>
    </ClCompile>
    <ClCompile Include="..\TestORB\TestORB\module\IDL\Test_V3_p.cpp">
      <Filter>Generated</Filter>
    </ClCompile>
    <ClCompile Include="..\TestORB\TestORB\module\IDL\Union.cpp">
      <Filter>Generated</Filter>
    </ClCompile>
    <ClCompile Include="..\TestORB\TestORB\module\IDL\Union_p.cpp">
      <Filter>Generated</Filter>
    </ClCompile>
    <ClCompile Include="..\TestORB\TestORB\module\IDL\ValueBox.cpp">
      <Filter>Generated</Filter>
    </ClCompile>
    <ClCompile Include="..\TestORB\TestORB\module\IDL\ValueBox_p.cpp">
      <Filter>Generated</Filter>
    </ClCompile>
    <ClCompile Include="..\TestORB\TestORB\module\DbConnectImpl.cpp">
      <Filter>Source Files</Filter>
    </ClCompile>
    <ClCompile Include="..\TestORB\TestORB\module\IDL\DbConnect.cpp">
      <Filter>Generated</Filter>
    </ClCompile>
    <ClCompile Include="..\TestORB\TestORB\module\IDL\DbConnect_p.cpp">
      <Filter>Generated</Filter>
    </ClCompile>
  </ItemGroup>
  <ItemGroup>
    <ClInclude Include="..\TestORB\TestORB\module\DynamicI1.h">
      <Filter>Header Files</Filter>
    </ClInclude>
    <ClInclude Include="..\TestORB\TestORB\module\DynamicI2.h">
      <Filter>Header Files</Filter>
    </ClInclude>
    <ClInclude Include="..\TestORB\TestORB\module\DynamicI3.h">
      <Filter>Header Files</Filter>
    </ClInclude>
    <ClInclude Include="..\TestORB\TestORB\module\ImplI1.h">
      <Filter>Header Files</Filter>
    </ClInclude>
    <ClInclude Include="..\TestORB\TestORB\module\ImplI2.h">
      <Filter>Header Files</Filter>
    </ClInclude>
    <ClInclude Include="..\TestORB\TestORB\module\ImplI3.h">
      <Filter>Header Files</Filter>
    </ClInclude>
    <ClInclude Include="..\TestORB\TestORB\module\PortableI1.h">
      <Filter>Header Files</Filter>
    </ClInclude>
    <ClInclude Include="..\TestORB\TestORB\module\PortableI2.h">
      <Filter>Header Files</Filter>
    </ClInclude>
    <ClInclude Include="..\TestORB\TestORB\module\PortableI3.h">
      <Filter>Header Files</Filter>
    </ClInclude>
    <ClInclude Include="..\TestORB\TestORB\include\I1_static.h">
      <Filter>Header Files</Filter>
    </ClInclude>
    <ClInclude Include="..\TestORB\TestORB\module\ImplComp.h">
      <Filter>Header Files</Filter>
    </ClInclude>
    <ClInclude Include="..\TestORB\TestORB\module\pch.h">
      <Filter>Header Files</Filter>
    </ClInclude>
    <ClInclude Include="..\TestORB\TestORB\module\IDL\PingPong.h">
      <Filter>Generated</Filter>
    </ClInclude>
    <ClInclude Include="..\TestORB\TestORB\module\IDL\PingPong_s.h">
      <Filter>Generated</Filter>
    </ClInclude>
    <ClInclude Include="..\TestORB\TestORB\module\IDL\RecursiveStruct.h">
      <Filter>Generated</Filter>
    </ClInclude>
    <ClInclude Include="..\TestORB\TestORB\module\IDL\RecursiveStruct_s.h">
      <Filter>Generated</Filter>
    </ClInclude>
    <ClInclude Include="..\TestORB\TestORB\module\IDL\Test_A1.h">
      <Filter>Generated</Filter>
    </ClInclude>
    <ClInclude Include="..\TestORB\TestORB\module\IDL\Test_A1_s.h">
      <Filter>Generated</Filter>
    </ClInclude>
    <ClInclude Include="..\TestORB\TestORB\module\IDL\Test_AVT.h">
      <Filter>Generated</Filter>
    </ClInclude>
    <ClInclude Include="..\TestORB\TestORB\module\IDL\Test_AVT_s.h">
      <Filter>Generated</Filter>
    </ClInclude>
    <ClInclude Include="..\TestORB\TestORB\module\IDL\Test_Comp.h">
      <Filter>Generated</Filter>
    </ClInclude>
    <ClInclude Include="..\TestORB\TestORB\module\IDL\Test_Comp_s.h">
      <Filter>Generated</Filter>
    </ClInclude>
    <ClInclude Include="..\TestORB\TestORB\module\IDL\Test_I1.h">
      <Filter>Generated</Filter>
    </ClInclude>
    <ClInclude Include="..\TestORB\TestORB\module\IDL\Test_I1_factory.h">
      <Filter>Generated</Filter>
    </ClInclude>
    <ClInclude Include="..\TestORB\TestORB\module\IDL\Test_I1_factory_s.h">
      <Filter>Generated</Filter>
    </ClInclude>
    <ClInclude Include="..\TestORB\TestORB\module\IDL\Test_I1_s.h">
      <Filter>Generated</Filter>
    </ClInclude>
    <ClInclude Include="..\TestORB\TestORB\module\IDL\Test_I2.h">
      <Filter>Generated</Filter>
    </ClInclude>
    <ClInclude Include="..\TestORB\TestORB\module\IDL\Test_I2_s.h">
      <Filter>Generated</Filter>
    </ClInclude>
    <ClInclude Include="..\TestORB\TestORB\module\IDL\Test_I3.h">
      <Filter>Generated</Filter>
    </ClInclude>
    <ClInclude Include="..\TestORB\TestORB\module\IDL\Test_I3_factory.h">
      <Filter>Generated</Filter>
    </ClInclude>
    <ClInclude Include="..\TestORB\TestORB\module\IDL\Test_I3_factory_s.h">
      <Filter>Generated</Filter>
    </ClInclude>
    <ClInclude Include="..\TestORB\TestORB\module\IDL\Test_I3_s.h">
      <Filter>Generated</Filter>
    </ClInclude>
    <ClInclude Include="..\TestORB\TestORB\module\IDL\Test_V1.h">
      <Filter>Generated</Filter>
    </ClInclude>
    <ClInclude Include="..\TestORB\TestORB\module\IDL\Test_V1_s.h">
      <Filter>Generated</Filter>
    </ClInclude>
    <ClInclude Include="..\TestORB\TestORB\module\IDL\Test_V2.h">
      <Filter>Generated</Filter>
    </ClInclude>
    <ClInclude Include="..\TestORB\TestORB\module\IDL\Test_V2_s.h">
      <Filter>Generated</Filter>
    </ClInclude>
    <ClInclude Include="..\TestORB\TestORB\module\IDL\Test_V3.h">
      <Filter>Generated</Filter>
    </ClInclude>
    <ClInclude Include="..\TestORB\TestORB\module\IDL\Test_V3_s.h">
      <Filter>Generated</Filter>
    </ClInclude>
    <ClInclude Include="..\TestORB\TestORB\module\IDL\Union.h">
      <Filter>Generated</Filter>
    </ClInclude>
    <ClInclude Include="..\TestORB\TestORB\module\IDL\Union_s.h">
      <Filter>Generated</Filter>
    </ClInclude>
    <ClInclude Include="..\TestORB\TestORB\module\IDL\ValueBox.h">
      <Filter>Generated</Filter>
    </ClInclude>
    <ClInclude Include="..\TestORB\TestORB\module\IDL\ValueBox_s.h">
      <Filter>Generated</Filter>
    </ClInclude>
    <ClInclude Include="..\TestORB\TestORB\module\IDL\DbConnect.h">
      <Filter>Generated</Filter>
    </ClInclude>
    <ClInclude Include="..\TestORB\TestORB\module\IDL\DbConnect_s.h">
      <Filter>Generated</Filter>
    </ClInclude>
  </ItemGroup>
  <ItemGroup>
    <CustomBuild Include="..\TestORB\TestORB\idl\RecursiveStruct.idl">
      <Filter>IDL</Filter>
    </CustomBuild>
    <CustomBuild Include="..\TestORB\TestORB\idl\Test_A1.idl">
      <Filter>IDL</Filter>
    </CustomBuild>
    <CustomBuild Include="..\TestORB\TestORB\idl\Test_I1.idl">
      <Filter>IDL</Filter>
    </CustomBuild>
    <CustomBuild Include="..\TestORB\TestORB\idl\Test_I1_factory.idl">
      <Filter>IDL</Filter>
    </CustomBuild>
    <CustomBuild Include="..\TestORB\TestORB\idl\Test_I2.idl">
      <Filter>IDL</Filter>
    </CustomBuild>
    <CustomBuild Include="..\TestORB\TestORB\idl\Test_I3.idl">
      <Filter>IDL</Filter>
    </CustomBuild>
    <CustomBuild Include="..\TestORB\TestORB\idl\Test_I3_factory.idl">
      <Filter>IDL</Filter>
    </CustomBuild>
    <CustomBuild Include="..\TestORB\TestORB\idl\Test_V1.idl">
      <Filter>IDL</Filter>
    </CustomBuild>
    <CustomBuild Include="..\TestORB\TestORB\idl\Test_V2.idl">
      <Filter>IDL</Filter>
    </CustomBuild>
    <CustomBuild Include="..\TestORB\TestORB\idl\Test_V3.idl">
      <Filter>IDL</Filter>
    </CustomBuild>
    <CustomBuild Include="..\TestORB\TestORB\idl\Union.idl">
      <Filter>IDL</Filter>
    </CustomBuild>
    <CustomBuild Include="..\TestORB\TestORB\idl\ValueBox.idl">
      <Filter>IDL</Filter>
    </CustomBuild>
    <CustomBuild Include="..\TestORB\TestORB\idl\PingPong.idl">
      <Filter>IDL</Filter>
    </CustomBuild>
    <CustomBuild Include="..\TestORB\TestORB\idl\Test_AVT.idl">
      <Filter>IDL</Filter>
    </CustomBuild>
    <CustomBuild Include="..\TestORB\TestORB\idl\Test_Comp.idl">
      <Filter>IDL</Filter>
    </CustomBuild>
    <CustomBuild Include="..\TestORB\TestORB\idl\DbConnect.idl">
      <Filter>IDL</Filter>
    </CustomBuild>
  </ItemGroup>
</Project>