<?xml version="1.0" encoding="utf-8"?>
<Project ToolsVersion="4.0" xmlns="http://schemas.microsoft.com/developer/msbuild/2003">
  <ItemGroup>
    <Filter Include="Source Files">
      <UniqueIdentifier>{4FC737F1-C7A5-4376-A066-2A32D752A2FF}</UniqueIdentifier>
      <Extensions>cpp;c;cc;cxx;c++;cppm;ixx;def;odl;idl;hpj;bat;asm;asmx</Extensions>
    </Filter>
    <Filter Include="Header Files">
      <UniqueIdentifier>{93995380-89BD-4b04-88EB-625FBE52EBFB}</UniqueIdentifier>
      <Extensions>h;hh;hpp;hxx;h++;hm;inl;inc;ipp;xsd</Extensions>
    </Filter>
    <Filter Include="Resource Files">
      <UniqueIdentifier>{67DA6AB6-F800-4c08-8B7A-83BB121AAD01}</UniqueIdentifier>
      <Extensions>rc;ico;cur;bmp;dlg;rc2;rct;bin;rgs;gif;jpg;jpeg;jpe;resx;tiff;tif;png;wav;mfcribbon-ms</Extensions>
    </Filter>
    <Filter Include="IDL">
      <UniqueIdentifier>{e7954337-f62a-40ef-be4f-21cfdb99c8d5}</UniqueIdentifier>
    </Filter>
    <Filter Include="Generated">
      <UniqueIdentifier>{31d99aa7-fbfd-4441-bd48-9adc0e9bfa18}</UniqueIdentifier>
      <SourceControlFiles>False</SourceControlFiles>
    </Filter>
  </ItemGroup>
  <ItemGroup>
    <ClCompile Include="..\TestORB\TestORB\process\TestORB.cpp">
      <Filter>Source Files</Filter>
    </ClCompile>
    <ClCompile Include="..\TestORB\TestORB\process\TestORB_I1.cpp">
      <Filter>Source Files</Filter>
    </ClCompile>
    <ClCompile Include="..\TestORB\TestORB\process\TestORB_I2.cpp">
      <Filter>Source Files</Filter>
    </ClCompile>
    <ClCompile Include="..\TestORB\TestORB\process\TestORB_I3.cpp">
      <Filter>Source Files</Filter>
    </ClCompile>
    <ClCompile Include="..\TestORB\TestORB\process\TestUnion.cpp">
      <Filter>Source Files</Filter>
    </ClCompile>
    <ClCompile Include="..\TestORB\TestORB\process\TestPingPong.cpp">
      <Filter>Source Files</Filter>
    </ClCompile>
    <ClCompile Include="..\TestORB\TestORB\process\TestORB_Comp.cpp">
      <Filter>Source Files</Filter>
    </ClCompile>
    <ClCompile Include="..\TestORB\TestORB\process\pch.cpp">
      <Filter>Source Files</Filter>
    </ClCompile>
    <ClCompile Include="..\TestORB\TestORB\process\IDL\PingPong.cpp">
      <Filter>Generated</Filter>
    </ClCompile>
    <ClCompile Include="..\TestORB\TestORB\process\IDL\RecursiveStruct.cpp">
      <Filter>Generated</Filter>
    </ClCompile>
    <ClCompile Include="..\TestORB\TestORB\process\IDL\Test_A1.cpp">
      <Filter>Generated</Filter>
    </ClCompile>
    <ClCompile Include="..\TestORB\TestORB\process\IDL\Test_AVT.cpp">
      <Filter>Generated</Filter>
    </ClCompile>
    <ClCompile Include="..\TestORB\TestORB\process\IDL\Test_Comp.cpp">
      <Filter>Generated</Filter>
    </ClCompile>
    <ClCompile Include="..\TestORB\TestORB\process\IDL\Test_I1.cpp">
      <Filter>Generated</Filter>
    </ClCompile>
    <ClCompile Include="..\TestORB\TestORB\process\IDL\Test_I1_factory.cpp">
      <Filter>Generated</Filter>
    </ClCompile>
    <ClCompile Include="..\TestORB\TestORB\process\IDL\Test_I2.cpp">
      <Filter>Generated</Filter>
    </ClCompile>
    <ClCompile Include="..\TestORB\TestORB\process\IDL\Test_I3.cpp">
      <Filter>Generated</Filter>
    </ClCompile>
    <ClCompile Include="..\TestORB\TestORB\process\IDL\Test_I3_factory.cpp">
      <Filter>Generated</Filter>
    </ClCompile>
    <ClCompile Include="..\TestORB\TestORB\process\IDL\Test_V1.cpp">
      <Filter>Generated</Filter>
    </ClCompile>
    <ClCompile Include="..\TestORB\TestORB\process\IDL\Test_V2.cpp">
      <Filter>Generated</Filter>
    </ClCompile>
    <ClCompile Include="..\TestORB\TestORB\process\IDL\Test_V3.cpp">
      <Filter>Generated</Filter>
    </ClCompile>
    <ClCompile Include="..\TestORB\TestORB\process\IDL\Union.cpp">
      <Filter>Generated</Filter>
    </ClCompile>
    <ClCompile Include="..\TestORB\TestORB\process\IDL\ValueBox.cpp">
      <Filter>Generated</Filter>
    </ClCompile>
  </ItemGroup>
  <ItemGroup>
    <ClInclude Include="..\TestORB\TestORB\process\TestORB.h">
      <Filter>Header Files</Filter>
    </ClInclude>
    <ClInclude Include="..\TestORB\TestORB\process\TestORB_I1.h">
      <Filter>Header Files</Filter>
    </ClInclude>
    <ClInclude Include="..\TestORB\TestORB\include\I1_static.h">
      <Filter>Header Files</Filter>
    </ClInclude>
    <ClInclude Include="..\TestORB\TestORB\process\pch.h">
      <Filter>Header Files</Filter>
    </ClInclude>
    <ClInclude Include="..\TestORB\TestORB\process\IDL\PingPong.h">
      <Filter>Generated</Filter>
    </ClInclude>
    <ClInclude Include="..\TestORB\TestORB\process\IDL\RecursiveStruct.h">
      <Filter>Generated</Filter>
    </ClInclude>
    <ClInclude Include="..\TestORB\TestORB\process\IDL\Test_A1.h">
      <Filter>Generated</Filter>
    </ClInclude>
    <ClInclude Include="..\TestORB\TestORB\process\IDL\Test_AVT.h">
      <Filter>Generated</Filter>
    </ClInclude>
    <ClInclude Include="..\TestORB\TestORB\process\IDL\Test_Comp.h">
      <Filter>Generated</Filter>
    </ClInclude>
    <ClInclude Include="..\TestORB\TestORB\process\IDL\Test_I1.h">
      <Filter>Generated</Filter>
    </ClInclude>
    <ClInclude Include="..\TestORB\TestORB\process\IDL\Test_I1_factory.h">
      <Filter>Generated</Filter>
    </ClInclude>
    <ClInclude Include="..\TestORB\TestORB\process\IDL\Test_I2.h">
      <Filter>Generated</Filter>
    </ClInclude>
    <ClInclude Include="..\TestORB\TestORB\process\IDL\Test_I3.h">
      <Filter>Generated</Filter>
    </ClInclude>
    <ClInclude Include="..\TestORB\TestORB\process\IDL\Test_I3_factory.h">
      <Filter>Generated</Filter>
    </ClInclude>
    <ClInclude Include="..\TestORB\TestORB\process\IDL\Test_V1.h">
      <Filter>Generated</Filter>
    </ClInclude>
    <ClInclude Include="..\TestORB\TestORB\process\IDL\Test_V2.h">
      <Filter>Generated</Filter>
    </ClInclude>
    <ClInclude Include="..\TestORB\TestORB\process\IDL\Test_V3.h">
      <Filter>Generated</Filter>
    </ClInclude>
    <ClInclude Include="..\TestORB\TestORB\process\IDL\Union.h">
      <Filter>Generated</Filter>
    </ClInclude>
    <ClInclude Include="..\TestORB\TestORB\process\IDL\ValueBox.h">
      <Filter>Generated</Filter>
    </ClInclude>
  </ItemGroup>
  <ItemGroup>
    <CustomBuild Include="..\TestORB\TestORB\idl\RecursiveStruct.idl">
      <Filter>IDL</Filter>
    </CustomBuild>
    <CustomBuild Include="..\TestORB\TestORB\idl\Test_A1.idl">
      <Filter>IDL</Filter>
    </CustomBuild>
    <CustomBuild Include="..\TestORB\TestORB\idl\Test_I1.idl">
      <Filter>IDL</Filter>
    </CustomBuild>
    <CustomBuild Include="..\TestORB\TestORB\idl\Test_I1_factory.idl">
      <Filter>IDL</Filter>
    </CustomBuild>
    <CustomBuild Include="..\TestORB\TestORB\idl\Test_I2.idl">
      <Filter>IDL</Filter>
    </CustomBuild>
    <CustomBuild Include="..\TestORB\TestORB\idl\Test_I3.idl">
      <Filter>IDL</Filter>
    </CustomBuild>
    <CustomBuild Include="..\TestORB\TestORB\idl\Test_I3_factory.idl">
      <Filter>IDL</Filter>
    </CustomBuild>
    <CustomBuild Include="..\TestORB\TestORB\idl\Test_V1.idl">
      <Filter>IDL</Filter>
    </CustomBuild>
    <CustomBuild Include="..\TestORB\TestORB\idl\Test_V2.idl">
      <Filter>IDL</Filter>
    </CustomBuild>
    <CustomBuild Include="..\TestORB\TestORB\idl\Test_V3.idl">
      <Filter>IDL</Filter>
    </CustomBuild>
    <CustomBuild Include="..\TestORB\TestORB\idl\Union.idl">
      <Filter>IDL</Filter>
    </CustomBuild>
    <CustomBuild Include="..\TestORB\TestORB\idl\ValueBox.idl">
      <Filter>IDL</Filter>
    </CustomBuild>
    <CustomBuild Include="..\TestORB\TestORB\idl\PingPong.idl">
      <Filter>IDL</Filter>
    </CustomBuild>
    <CustomBuild Include="..\TestORB\TestORB\idl\Test_AVT.idl">
      <Filter>IDL</Filter>
    </CustomBuild>
    <CustomBuild Include="..\TestORB\TestORB\idl\Test_Comp.idl">
      <Filter>IDL</Filter>
    </CustomBuild>
    <CustomBuild Include="..\TestORB\TestORB\idl\DbConnect.idl">
      <Filter>IDL</Filter>
    </CustomBuild>
  </ItemGroup>
</Project>